<?xml version="1.0" encoding="utf-8"?>
<Project ToolsVersion="4.0" xmlns="http://schemas.microsoft.com/developer/msbuild/2003">
  <ItemGroup>
    <Filter Include="Source Files">
      <UniqueIdentifier>{4FC737F1-C7A5-4376-A066-2A32D752A2FF}</UniqueIdentifier>
      <Extensions>cpp;c;cc;cxx;def;odl;idl;hpj;bat;asm;asmx</Extensions>
    </Filter>
    <Filter Include="Header Files">
      <UniqueIdentifier>{93995380-89BD-4b04-88EB-625FBE52EBFB}</UniqueIdentifier>
      <Extensions>h;hh;hpp;hxx;hm;inl;inc;xsd</Extensions>
    </Filter>
    <Filter Include="Resource Files">
      <UniqueIdentifier>{67DA6AB6-F800-4c08-8B7A-83BB121AAD01}</UniqueIdentifier>
      <Extensions>rc;ico;cur;bmp;dlg;rc2;rct;bin;rgs;gif;jpg;jpeg;jpe;resx;tiff;tif;png;wav;mfcribbon-ms</Extensions>
    </Filter>
    <Filter Include="Form Files">
      <UniqueIdentifier>{99349809-55BA-4b9d-BF79-8FDBB0286EB3}</UniqueIdentifier>
      <Extensions>ui</Extensions>
    </Filter>
    <Filter Include="Resource Files">
      <UniqueIdentifier>{D9D6E242-F8AF-46E4-B9FD-80ECBC20BA3E}</UniqueIdentifier>
      <Extensions>qrc;*</Extensions>
      <ParseFiles>false</ParseFiles>
    </Filter>
    <Filter Include="Source Files\ctp_moudle">
      <UniqueIdentifier>{fa7e04d2-01d4-4a57-b26c-6b14a159ed46}</UniqueIdentifier>
    </Filter>
    <Filter Include="Source Files\display">
      <UniqueIdentifier>{1d8bdbdc-a8ab-43d7-83a7-1744043f7bd6}</UniqueIdentifier>
    </Filter>
    <Filter Include="Source Files\process">
      <UniqueIdentifier>{93c2865e-ddba-4c6a-af85-d90bbbb4c69e}</UniqueIdentifier>
    </Filter>
  </ItemGroup>
  <ItemGroup>
    <QtRcc Include="ui\ctp.qrc">
      <Filter>Resource Files</Filter>
    </QtRcc>
    <QtRcc Include="ui\login.qrc">
      <Filter>Resource Files</Filter>
    </QtRcc>
  </ItemGroup>
  <ItemGroup>
    <QtUic Include="ui\ctp.ui">
      <Filter>Resource Files</Filter>
    </QtUic>
    <QtUic Include="ui\login.ui">
      <Filter>Resource Files</Filter>
    </QtUic>
    <QtUic Include="ui\pair_trading.ui">
      <Filter>Resource Files</Filter>
    </QtUic>
    <QtUic Include="ui\auto_process.ui">
      <Filter>Resource Files</Filter>
    </QtUic>
    <QtUic Include="ui\pair_trading_setting.ui">
      <Filter>Resource Files</Filter>
    </QtUic>
    <QtUic Include="ui\edit_position.ui">
      <Filter>Resource Files</Filter>
    </QtUic>
  </ItemGroup>
  <ItemGroup>
    <ClCompile Include="src\Mdspi.cpp">
      <Filter>Source Files\ctp_moudle</Filter>
    </ClCompile>
    <ClCompile Include="src\tdspi.cpp">
      <Filter>Source Files\ctp_moudle</Filter>
    </ClCompile>
    <ClCompile Include="src\main.cpp">
      <Filter>Source Files</Filter>
    </ClCompile>
    <ClCompile Include="src\ctp.cpp">
      <Filter>Source Files\display</Filter>
    </ClCompile>
    <ClCompile Include="src\stdafx.cpp">
      <Filter>Source Files</Filter>
    </ClCompile>
    <ClCompile Include="src\login.cpp">
      <Filter>Source Files\display</Filter>
    </ClCompile>
    <ClCompile Include="src\windows_manage.cpp">
      <Filter>Source Files\display</Filter>
    </ClCompile>
    <ClCompile Include="src\instrument_process.cpp">
      <Filter>Source Files\process</Filter>
    </ClCompile>
    <ClCompile Include="src\pair_trading.cpp">
      <Filter>Source Files\display</Filter>
    </ClCompile>
    <ClCompile Include="src\pair_trading_process.cpp">
      <Filter>Source Files\process</Filter>
    </ClCompile>
    <ClCompile Include="src\data_process.cpp">
      <Filter>Source Files\process</Filter>
    </ClCompile>
    <ClCompile Include="src\auto_trading_process.cpp">
      <Filter>Source Files\process</Filter>
    </ClCompile>
    <ClCompile Include="src\auto_process.cpp">
      <Filter>Source Files\display</Filter>
    </ClCompile>
    <ClCompile Include="src\pair_trading_setting.cpp">
      <Filter>Source Files\display</Filter>
    </ClCompile>
    <ClCompile Include="src\edit_position.cpp">
      <Filter>Source Files\display</Filter>
    </ClCompile>
    <ClCompile Include="src\my_debug.cpp">
      <Filter>Source Files\process</Filter>
    </ClCompile>
    <ClCompile Include="src\ctp_beep.cpp">
      <Filter>Source Files\display</Filter>
    </ClCompile>
  </ItemGroup>
  <ItemGroup>
    <QtMoc Include="inc\ctp.h">
      <Filter>Header Files</Filter>
    </QtMoc>
    <QtMoc Include="inc\Mdspi.h">
      <Filter>Header Files</Filter>
    </QtMoc>
    <QtMoc Include="inc\tdspi.h">
      <Filter>Header Files</Filter>
    </QtMoc>
    <QtMoc Include="inc\login.h">
      <Filter>Header Files</Filter>
    </QtMoc>
    <QtMoc Include="inc\windows_manage.h">
      <Filter>Header Files</Filter>
    </QtMoc>
    <QtMoc Include="inc\instrument_process.h">
      <Filter>Header Files</Filter>
    </QtMoc>
    <QtMoc Include="inc\pair_trading.h">
      <Filter>Header Files</Filter>
    </QtMoc>
    <QtMoc Include="inc\pair_trading_process.h">
      <Filter>Header Files</Filter>
    </QtMoc>
    <QtMoc Include="inc\data_process.h">
      <Filter>Header Files</Filter>
    </QtMoc>
    <QtMoc Include="inc\auto_trading_process.h">
      <Filter>Header Files</Filter>
    </QtMoc>
    <QtMoc Include="inc\auto_process.h">
      <Filter>Header Files</Filter>
    </QtMoc>
    <QtMoc Include="inc\pair_trading_setting.h">
      <Filter>Header Files</Filter>
    </QtMoc>
    <QtMoc Include="inc\my_debug.h">
      <Filter>Header Files</Filter>
    </QtMoc>
  </ItemGroup>
  <ItemGroup>
    <ClInclude Include="inc\stdafx.h">
      <Filter>Header Files</Filter>
    </ClInclude>
    <ClInclude Include="resource.h">
      <Filter>Header Files</Filter>
    </ClInclude>
    <ClInclude Include="resource1.h">
      <Filter>Header Files</Filter>
    </ClInclude>
    <ClInclude Include="inc\ctp_beep.h">
      <Filter>Header Files</Filter>
    </ClInclude>
  </ItemGroup>
  <ItemGroup>
    <ResourceCompile Include="ctp.rc">
      <Filter>Resource Files</Filter>
    </ResourceCompile>
  </ItemGroup>
  <ItemGroup>
    <Image Include="temp.ico">
      <Filter>Resource Files</Filter>
    </Image>
  </ItemGroup>
</Project>